
Microsoft Visual Studio Solution File, Format Version 12.00
# Visual Studio Version 17
VisualStudioVersion = 17.0.31903.59
MinimumVisualStudioVersion = 10.0.40219.1
Project("{FAE04EC0-301F-11D3-BF4B-00C04F79EFBC}") = "Binary_Tree_Demo", "Binary_Tree_Demo\Binary_Tree_Demo.csproj", "{68098269-12C1-40B5-B2CF-7610FD7E2AF3}"
EndProject
Global
	GlobalSection(SolutionConfigurationPlatforms) = preSolution
		Debug|Any CPU = Debug|Any CPU
		Release|Any CPU = Release|Any CPU
	EndGlobalSection
	GlobalSection(ProjectConfigurationPlatforms) = postSolution
		{68098269-12C1-40B5-B2CF-7610FD7E2AF3}.Debug|Any CPU.ActiveCfg = Debug|Any CPU
		{68098269-12C1-40B5-B2CF-7610FD7E2AF3}.Debug|Any CPU.Build.0 = Debug|Any CPU
		{68098269-12C1-40B5-B2CF-7610FD7E2AF3}.Release|Any CPU.ActiveCfg = Release|Any CPU
		{68098269-12C1-40B5-B2CF-7610FD7E2AF3}.Release|Any CPU.Build.0 = Release|Any CPU
	EndGlobalSection
	GlobalSection(SolutionProperties) = preSolution
		HideSolutionNode = FALSE
	EndGlobalSection
	GlobalSection(ExtensibilityGlobals) = postSolution
		SolutionGuid = {2E3922C7-7364-4560-8114-4892F2D2AE9E}
	EndGlobalSection
EndGlobal
