
Microsoft Visual Studio Solution File, Format Version 12.00
# Visual Studio Version 16
VisualStudioVersion = 16.0.31702.278
MinimumVisualStudioVersion = 10.0.40219.1
Project("{FAE04EC0-301F-11D3-BF4B-00C04F79EFBC}") = "ExProperties", "ExProperties\ExProperties.csproj", "{D04909D2-6DD8-42F6-910E-B51BB0AF4980}"
EndProject
Global
	GlobalSection(SolutionConfigurationPlatforms) = preSolution
		Debug|Any CPU = Debug|Any CPU
		Release|Any CPU = Release|Any CPU
	EndGlobalSection
	GlobalSection(ProjectConfigurationPlatforms) = postSolution
		{D04909D2-6DD8-42F6-910E-B51BB0AF4980}.Debug|Any CPU.ActiveCfg = Debug|Any CPU
		{D04909D2-6DD8-42F6-910E-B51BB0AF4980}.Debug|Any CPU.Build.0 = Debug|Any CPU
		{D04909D2-6DD8-42F6-910E-B51BB0AF4980}.Release|Any CPU.ActiveCfg = Release|Any CPU
		{D04909D2-6DD8-42F6-910E-B51BB0AF4980}.Release|Any CPU.Build.0 = Release|Any CPU
	EndGlobalSection
	GlobalSection(SolutionProperties) = preSolution
		HideSolutionNode = FALSE
	EndGlobalSection
	GlobalSection(ExtensibilityGlobals) = postSolution
		SolutionGuid = {BBA4F35C-89BE-4348-A35D-8D988A305E36}
	EndGlobalSection
EndGlobal
